
Microsoft Visual Studio Solution File, Format Version 12.00
# Visual Studio 15
VisualStudioVersion = 15.0.28307.1738
MinimumVisualStudioVersion = 10.0.40219.1
Project("{FAE04EC0-301F-11D3-BF4B-00C04F79EFBC}") = "TaskManagement_MVC", "TaskManagement_MVC\TaskManagement_MVC.csproj", "{FB0739B2-F236-4D3C-BFD0-56BEC6B2FE59}"
EndProject
Global
	GlobalSection(SolutionConfigurationPlatforms) = preSolution
		Debug|Any CPU = Debug|Any CPU
		Release|Any CPU = Release|Any CPU
	EndGlobalSection
	GlobalSection(ProjectConfigurationPlatforms) = postSolution
		{FB0739B2-F236-4D3C-BFD0-56BEC6B2FE59}.Debug|Any CPU.ActiveCfg = Debug|Any CPU
		{FB0739B2-F236-4D3C-BFD0-56BEC6B2FE59}.Debug|Any CPU.Build.0 = Debug|Any CPU
		{FB0739B2-F236-4D3C-BFD0-56BEC6B2FE59}.Release|Any CPU.ActiveCfg = Release|Any CPU
		{FB0739B2-F236-4D3C-BFD0-56BEC6B2FE59}.Release|Any CPU.Build.0 = Release|Any CPU
	EndGlobalSection
	GlobalSection(SolutionProperties) = preSolution
		HideSolutionNode = FALSE
	EndGlobalSection
	GlobalSection(ExtensibilityGlobals) = postSolution
		SolutionGuid = {A1D332BB-62FB-4C15-8BF6-8DE0CDDB8F6A}
	EndGlobalSection
EndGlobal
